
Microsoft Visual Studio Solution File, Format Version 12.00
# Visual Studio Version 16
VisualStudioVersion = 16.0.30225.117
MinimumVisualStudioVersion = 10.0.40219.1
Project("{FAE04EC0-301F-11D3-BF4B-00C04F79EFBC}") = "OrdersTypes", "OrdersTypes\OrdersTypes.csproj", "{A071AA36-C00D-4469-B6E4-136A114E618D}"
EndProject
Global
	GlobalSection(SolutionConfigurationPlatforms) = preSolution
		Debug|Any CPU = Debug|Any CPU
		Release|Any CPU = Release|Any CPU
	EndGlobalSection
	GlobalSection(ProjectConfigurationPlatforms) = postSolution
		{A071AA36-C00D-4469-B6E4-136A114E618D}.Debug|Any CPU.ActiveCfg = Debug|Any CPU
		{A071AA36-C00D-4469-B6E4-136A114E618D}.Debug|Any CPU.Build.0 = Debug|Any CPU
		{A071AA36-C00D-4469-B6E4-136A114E618D}.Release|Any CPU.ActiveCfg = Release|Any CPU
		{A071AA36-C00D-4469-B6E4-136A114E618D}.Release|Any CPU.Build.0 = Release|Any CPU
	EndGlobalSection
	GlobalSection(SolutionProperties) = preSolution
		HideSolutionNode = FALSE
	EndGlobalSection
	GlobalSection(ExtensibilityGlobals) = postSolution
		SolutionGuid = {C0DD8D1F-0707-4B2C-A8E2-5D1EE3C7195A}
	EndGlobalSection
EndGlobal
